
Microsoft Visual Studio Solution File, Format Version 12.00
# Visual Studio Version 17
VisualStudioVersion = 17.6.33513.286
MinimumVisualStudioVersion = 10.0.40219.1
Project("{FAE04EC0-301F-11D3-BF4B-00C04F79EFBC}") = "Attempt 1", "Attempt 1\Attempt 1.csproj", "{4C518497-843D-408C-A368-DC01829038FC}"
EndProject
Global
	GlobalSection(SolutionConfigurationPlatforms) = preSolution
		Debug|Any CPU = Debug|Any CPU
		Release|Any CPU = Release|Any CPU
	EndGlobalSection
	GlobalSection(ProjectConfigurationPlatforms) = postSolution
		{4C518497-843D-408C-A368-DC01829038FC}.Debug|Any CPU.ActiveCfg = Debug|Any CPU
		{4C518497-843D-408C-A368-DC01829038FC}.Debug|Any CPU.Build.0 = Debug|Any CPU
		{4C518497-843D-408C-A368-DC01829038FC}.Release|Any CPU.ActiveCfg = Release|Any CPU
		{4C518497-843D-408C-A368-DC01829038FC}.Release|Any CPU.Build.0 = Release|Any CPU
	EndGlobalSection
	GlobalSection(SolutionProperties) = preSolution
		HideSolutionNode = FALSE
	EndGlobalSection
	GlobalSection(ExtensibilityGlobals) = postSolution
		SolutionGuid = {40D6B655-E826-4DF8-A208-B0C2AC7E8C21}
	EndGlobalSection
EndGlobal
